
Microsoft Visual Studio Solution File, Format Version 12.00
# Visual Studio 15
VisualStudioVersion = 15.0.27130.2027
MinimumVisualStudioVersion = 10.0.40219.1
Project("{FAE04EC0-301F-11D3-BF4B-00C04F79EFBC}") = "BotCallCenter", "BotCallCenter\BotCallCenter.csproj", "{AB185F64-C85C-4B35-818D-E05CEA97913E}"
EndProject
Global
	GlobalSection(SolutionConfigurationPlatforms) = preSolution
		Debug|Any CPU = Debug|Any CPU
		Release|Any CPU = Release|Any CPU
	EndGlobalSection
	GlobalSection(ProjectConfigurationPlatforms) = postSolution
		{AB185F64-C85C-4B35-818D-E05CEA97913E}.Debug|Any CPU.ActiveCfg = Debug|Any CPU
		{AB185F64-C85C-4B35-818D-E05CEA97913E}.Debug|Any CPU.Build.0 = Debug|Any CPU
		{AB185F64-C85C-4B35-818D-E05CEA97913E}.Release|Any CPU.ActiveCfg = Release|Any CPU
		{AB185F64-C85C-4B35-818D-E05CEA97913E}.Release|Any CPU.Build.0 = Release|Any CPU
	EndGlobalSection
	GlobalSection(SolutionProperties) = preSolution
		HideSolutionNode = FALSE
	EndGlobalSection
	GlobalSection(ExtensibilityGlobals) = postSolution
		SolutionGuid = {38B49FF1-5280-4A9C-A206-2523D138BD4C}
	EndGlobalSection
EndGlobal
